
Microsoft Visual Studio Solution File, Format Version 12.00
# Visual Studio 2012
Project("{FAE04EC0-301F-11D3-BF4B-00C04F79EFBC}") = "KD_Project", "KD_Project\KD_Project.csproj", "{5D4EC508-3BBB-4682-821A-61F414F39C60}"
EndProject
Project("{FAE04EC0-301F-11D3-BF4B-00C04F79EFBC}") = "StemmersNet", "..\..\..\..\Desktop\StemmersNet\StemmersNet\StemmersNet\StemmersNet.csproj", "{8F8C88DD-F172-4964-A49C-976437C7B538}"
EndProject
Global
	GlobalSection(SolutionConfigurationPlatforms) = preSolution
		Debug|Any CPU = Debug|Any CPU
		Release|Any CPU = Release|Any CPU
	EndGlobalSection
	GlobalSection(ProjectConfigurationPlatforms) = postSolution
		{5D4EC508-3BBB-4682-821A-61F414F39C60}.Debug|Any CPU.ActiveCfg = Debug|Any CPU
		{5D4EC508-3BBB-4682-821A-61F414F39C60}.Debug|Any CPU.Build.0 = Debug|Any CPU
		{5D4EC508-3BBB-4682-821A-61F414F39C60}.Release|Any CPU.ActiveCfg = Release|Any CPU
		{5D4EC508-3BBB-4682-821A-61F414F39C60}.Release|Any CPU.Build.0 = Release|Any CPU
		{8F8C88DD-F172-4964-A49C-976437C7B538}.Debug|Any CPU.ActiveCfg = Debug|Any CPU
		{8F8C88DD-F172-4964-A49C-976437C7B538}.Debug|Any CPU.Build.0 = Debug|Any CPU
		{8F8C88DD-F172-4964-A49C-976437C7B538}.Release|Any CPU.ActiveCfg = Release|Any CPU
		{8F8C88DD-F172-4964-A49C-976437C7B538}.Release|Any CPU.Build.0 = Release|Any CPU
	EndGlobalSection
	GlobalSection(SolutionProperties) = preSolution
		HideSolutionNode = FALSE
	EndGlobalSection
EndGlobal
